
Microsoft Visual Studio Solution File, Format Version 12.00
# Visual Studio Version 17
VisualStudioVersion = 17.2.32526.322
MinimumVisualStudioVersion = 10.0.40219.1
Project("{FAE04EC0-301F-11D3-BF4B-00C04F79EFBC}") = "BlazorApp1.Server", "BlazorApp1\Server\BlazorApp1.Server.csproj", "{BDA59964-107A-4701-AB86-BAC8A9E49536}"
EndProject
Project("{FAE04EC0-301F-11D3-BF4B-00C04F79EFBC}") = "BlazorApp1.Client", "BlazorApp1\Client\BlazorApp1.Client.csproj", "{A9D9142F-2082-40D7-A065-895A1907AFC4}"
EndProject
Project("{FAE04EC0-301F-11D3-BF4B-00C04F79EFBC}") = "BlazorApp1.Shared", "BlazorApp1\Shared\BlazorApp1.Shared.csproj", "{AA9E85F2-DE2B-4672-934C-6792FE3114FF}"
EndProject
Global
	GlobalSection(SolutionConfigurationPlatforms) = preSolution
		Debug|Any CPU = Debug|Any CPU
		Release|Any CPU = Release|Any CPU
	EndGlobalSection
	GlobalSection(ProjectConfigurationPlatforms) = postSolution
		{BDA59964-107A-4701-AB86-BAC8A9E49536}.Debug|Any CPU.ActiveCfg = Debug|Any CPU
		{BDA59964-107A-4701-AB86-BAC8A9E49536}.Debug|Any CPU.Build.0 = Debug|Any CPU
		{BDA59964-107A-4701-AB86-BAC8A9E49536}.Release|Any CPU.ActiveCfg = Release|Any CPU
		{BDA59964-107A-4701-AB86-BAC8A9E49536}.Release|Any CPU.Build.0 = Release|Any CPU
		{A9D9142F-2082-40D7-A065-895A1907AFC4}.Debug|Any CPU.ActiveCfg = Debug|Any CPU
		{A9D9142F-2082-40D7-A065-895A1907AFC4}.Debug|Any CPU.Build.0 = Debug|Any CPU
		{A9D9142F-2082-40D7-A065-895A1907AFC4}.Release|Any CPU.ActiveCfg = Release|Any CPU
		{A9D9142F-2082-40D7-A065-895A1907AFC4}.Release|Any CPU.Build.0 = Release|Any CPU
		{AA9E85F2-DE2B-4672-934C-6792FE3114FF}.Debug|Any CPU.ActiveCfg = Debug|Any CPU
		{AA9E85F2-DE2B-4672-934C-6792FE3114FF}.Debug|Any CPU.Build.0 = Debug|Any CPU
		{AA9E85F2-DE2B-4672-934C-6792FE3114FF}.Release|Any CPU.ActiveCfg = Release|Any CPU
		{AA9E85F2-DE2B-4672-934C-6792FE3114FF}.Release|Any CPU.Build.0 = Release|Any CPU
	EndGlobalSection
	GlobalSection(SolutionProperties) = preSolution
		HideSolutionNode = FALSE
	EndGlobalSection
	GlobalSection(ExtensibilityGlobals) = postSolution
		SolutionGuid = {3495679C-7BDB-4E57-9176-5D8DAA2F8337}
	EndGlobalSection
EndGlobal
